dependencies:
- name: nfs-client-provisioner
  repository: https://kubernetes-charts.storage.googleapis.com
  version: 1.2.6
- name: kafka
  repository: https://charts.bitnami.com/bitnami
  version: 5.2.1
- name: kafka-connector
  repository: https://openfaas.github.io/faas-netes
  version: 0.3.0
- name: promtail
  repository: https://grafana.github.io/loki/charts
  version: 0.12.1
- name: loki
  repository: https://grafana.github.io/loki/charts
  version: 0.14.2
- name: grafana
  repository: https://kubernetes-charts.storage.googleapis.com
  version: 3.8.15
digest: sha256:337a9c5d50ae75cc623d657daf3607055a7b50767c2c23109a0715373bc0b4f7
generated: "2019-09-28T16:20:57.50312438+02:00"
